// !$*UTF8*$!
{
	archiveVersion = 1;
	classes = {
	};
	objectVersion = 56;
	objects = {

/* Begin PBXBuildFile section */
		8AF8F0557686B1D5EC0809CE /* Pods_NEO.framework in Frameworks */ = {isa = PBXBuildFile; fileRef = DB5F633B4C1FD65CD3E06D25 /* Pods_NEO.framework */; };
		B500A7802D02DDD400378734 /* AppDelegate.m in Sources */ = {isa = PBXBuildFile; fileRef = B500A77F2D02DDD400378734 /* AppDelegate.m */; };
		B500A7832D02DDD400378734 /* SceneDelegate.m in Sources */ = {isa = PBXBuildFile; fileRef = B500A7822D02DDD400378734 /* SceneDelegate.m */; };
		B500A7862D02DDD400378734 /* LoginViewController.m in Sources */ = {isa = PBXBuildFile; fileRef = B500A7852D02DDD400378734 /* LoginViewController.m */; };
		B500A7892D02DDD400378734 /* Main.storyboard in Resources */ = {isa = PBXBuildFile; fileRef = B500A7872D02DDD400378734 /* Main.storyboard */; };
		B500A78B2D02DDD600378734 /* Assets.xcassets in Resources */ = {isa = PBXBuildFile; fileRef = B500A78A2D02DDD600378734 /* Assets.xcassets */; };
		B500A78E2D02DDD600378734 /* LaunchScreen.storyboard in Resources */ = {isa = PBXBuildFile; fileRef = B500A78C2D02DDD600378734 /* LaunchScreen.storyboard */; };
		B500A7912D02DDD600378734 /* main.m in Sources */ = {isa = PBXBuildFile; fileRef = B500A7902D02DDD600378734 /* main.m */; };
		B500A7AC2D02E28300378734 /* RegisterViewModel.m in Sources */ = {isa = PBXBuildFile; fileRef = B500A7AB2D02E28300378734 /* RegisterViewModel.m */; };
		B500A7AF2D02E29600378734 /* RegisterViewController.m in Sources */ = {isa = PBXBuildFile; fileRef = B500A7AE2D02E29600378734 /* RegisterViewController.m */; };
		B500A7B42D02E39A00378734 /* RegisterModel.m in Sources */ = {isa = PBXBuildFile; fileRef = B500A7B32D02E39A00378734 /* RegisterModel.m */; };
		B500A7B92D02E3FF00378734 /* RegisterAPIs.m in Sources */ = {isa = PBXBuildFile; fileRef = B500A7B82D02E3FF00378734 /* RegisterAPIs.m */; };
		B500A7BC2D02E41000378734 /* RegisterServices.m in Sources */ = {isa = PBXBuildFile; fileRef = B500A7BB2D02E41000378734 /* RegisterServices.m */; };
		B500A7BF2D02E46700378734 /* APIRequest.m in Sources */ = {isa = PBXBuildFile; fileRef = B500A7BE2D02E46700378734 /* APIRequest.m */; };
		B500A7C22D02E47A00378734 /* NetworkManager.m in Sources */ = {isa = PBXBuildFile; fileRef = B500A7C12D02E47A00378734 /* NetworkManager.m */; };
		B500A7C72D02E4F100378734 /* TextFieldExtension.m in Sources */ = {isa = PBXBuildFile; fileRef = B500A7C62D02E4F100378734 /* TextFieldExtension.m */; };
		B500A7CA2D02E54F00378734 /* ForgotViewController.m in Sources */ = {isa = PBXBuildFile; fileRef = B500A7C92D02E54F00378734 /* ForgotViewController.m */; };
		B500A7CF2D02E67B00378734 /* RegisterViewCell.m in Sources */ = {isa = PBXBuildFile; fileRef = B500A7CD2D02E67B00378734 /* RegisterViewCell.m */; };
		B500A7D02D02E67B00378734 /* RegisterViewCell.xib in Resources */ = {isa = PBXBuildFile; fileRef = B500A7CE2D02E67B00378734 /* RegisterViewCell.xib */; };
		B500A7D32D0341B000378734 /* LoginViewModel.m in Sources */ = {isa = PBXBuildFile; fileRef = B500A7D22D0341B000378734 /* LoginViewModel.m */; };
		B51859E22D06C5CF00E6DFDC /* LoginAPIs.m in Sources */ = {isa = PBXBuildFile; fileRef = B51859E12D06C5CF00E6DFDC /* LoginAPIs.m */; };
		B51859E52D06C5DD00E6DFDC /* LoginServices.m in Sources */ = {isa = PBXBuildFile; fileRef = B51859E42D06C5DD00E6DFDC /* LoginServices.m */; };
		B51859E82D06C6B400E6DFDC /* LoginModel.m in Sources */ = {isa = PBXBuildFile; fileRef = B51859E72D06C6B400E6DFDC /* LoginModel.m */; };
		B51859EC2D06DB5C00E6DFDC /* HomeViewController.m in Sources */ = {isa = PBXBuildFile; fileRef = B51859EB2D06DB5C00E6DFDC /* HomeViewController.m */; };
		B51859F02D06F45700E6DFDC /* CategoryCollectionViewCell.m in Sources */ = {isa = PBXBuildFile; fileRef = B51859EE2D06F45700E6DFDC /* CategoryCollectionViewCell.m */; };
		B51859F12D06F45700E6DFDC /* CategoryCollectionViewCell.xib in Resources */ = {isa = PBXBuildFile; fileRef = B51859EF2D06F45700E6DFDC /* CategoryCollectionViewCell.xib */; };
		B51859F72D0713D000E6DFDC /* ProductListViewController.m in Sources */ = {isa = PBXBuildFile; fileRef = B51859F62D0713D000E6DFDC /* ProductListViewController.m */; };
		B51859FB2D07239E00E6DFDC /* ProductListTableViewCell.m in Sources */ = {isa = PBXBuildFile; fileRef = B51859F92D07239E00E6DFDC /* ProductListTableViewCell.m */; };
		B51859FC2D07239E00E6DFDC /* ProductListTableViewCell.xib in Resources */ = {isa = PBXBuildFile; fileRef = B51859FA2D07239E00E6DFDC /* ProductListTableViewCell.xib */; };
		B5185A012D07286900E6DFDC /* ProductListViewModel.m in Sources */ = {isa = PBXBuildFile; fileRef = B5185A002D07286900E6DFDC /* ProductListViewModel.m */; };
		B5185A052D07337300E6DFDC /* ProductListModel.m in Sources */ = {isa = PBXBuildFile; fileRef = B5185A042D07337300E6DFDC /* ProductListModel.m */; };
		B5226F562D0C1328001A757C /* MyCartViewController.m in Sources */ = {isa = PBXBuildFile; fileRef = B5226F552D0C1328001A757C /* MyCartViewController.m */; };
		B5226F592D0C1454001A757C /* MyCartViewModel.m in Sources */ = {isa = PBXBuildFile; fileRef = B5226F582D0C1454001A757C /* MyCartViewModel.m */; };
		B5226F5E2D0C1528001A757C /* MyCartTableViewCell.m in Sources */ = {isa = PBXBuildFile; fileRef = B5226F5C2D0C1528001A757C /* MyCartTableViewCell.m */; };
		B5226F5F2D0C1528001A757C /* MyCartTableViewCell.xib in Resources */ = {isa = PBXBuildFile; fileRef = B5226F5D2D0C1528001A757C /* MyCartTableViewCell.xib */; };
		B5226F632D0C1A29001A757C /* MyCartModel.m in Sources */ = {isa = PBXBuildFile; fileRef = B5226F622D0C1A29001A757C /* MyCartModel.m */; };
		B5226F672D0C304C001A757C /* MyCartAPIs.m in Sources */ = {isa = PBXBuildFile; fileRef = B5226F662D0C304C001A757C /* MyCartAPIs.m */; };
		B5226F6A2D0C305C001A757C /* MyCartServices.m in Sources */ = {isa = PBXBuildFile; fileRef = B5226F692D0C305C001A757C /* MyCartServices.m */; };
		B5226F6E2D0C698B001A757C /* ProductImagesViewCell.m in Sources */ = {isa = PBXBuildFile; fileRef = B5226F6C2D0C698B001A757C /* ProductImagesViewCell.m */; };
		B5226F6F2D0C698B001A757C /* ProductImagesViewCell.xib in Resources */ = {isa = PBXBuildFile; fileRef = B5226F6D2D0C698B001A757C /* ProductImagesViewCell.xib */; };
		B5226F782D0C71FE001A757C /* OrderDetailTableViewCell.m in Sources */ = {isa = PBXBuildFile; fileRef = B5226F762D0C71FE001A757C /* OrderDetailTableViewCell.m */; };
		B5226F792D0C71FE001A757C /* OrderDetailTableViewCell.xib in Resources */ = {isa = PBXBuildFile; fileRef = B5226F772D0C71FE001A757C /* OrderDetailTableViewCell.xib */; };
		B5226F7F2D0C7442001A757C /* OrderListTableViewCell.m in Sources */ = {isa = PBXBuildFile; fileRef = B5226F7D2D0C7442001A757C /* OrderListTableViewCell.m */; };
		B5226F802D0C7442001A757C /* OrderListTableViewCell.xib in Resources */ = {isa = PBXBuildFile; fileRef = B5226F7E2D0C7442001A757C /* OrderListTableViewCell.xib */; };
		B53E6E542D080FA200CDDA6C /* ProductListAPIs.m in Sources */ = {isa = PBXBuildFile; fileRef = B53E6E532D080FA200CDDA6C /* ProductListAPIs.m */; };
		B53E6E572D080FBB00CDDA6C /* ProductListServices.m in Sources */ = {isa = PBXBuildFile; fileRef = B53E6E562D080FBB00CDDA6C /* ProductListServices.m */; };
		B556A01A2D095C3000D83503 /* ProductDetailsViewController.m in Sources */ = {isa = PBXBuildFile; fileRef = B556A0192D095C3000D83503 /* ProductDetailsViewController.m */; };
		B556A0202D0963AF00D83503 /* AddToCartViewController.m in Sources */ = {isa = PBXBuildFile; fileRef = B556A01F2D0963AF00D83503 /* AddToCartViewController.m */; };
		B556A0232D09683800D83503 /* ProductDetailsViewModel.m in Sources */ = {isa = PBXBuildFile; fileRef = B556A0222D09683800D83503 /* ProductDetailsViewModel.m */; };
		B556A0272D096E7800D83503 /* ProductDetailsAPIs.m in Sources */ = {isa = PBXBuildFile; fileRef = B556A0262D096E7800D83503 /* ProductDetailsAPIs.m */; };
		B556A02A2D096E9700D83503 /* ProductDetailServices.m in Sources */ = {isa = PBXBuildFile; fileRef = B556A0292D096E9700D83503 /* ProductDetailServices.m */; };
		B556A02E2D096ECF00D83503 /* ProductDetailsModel.m in Sources */ = {isa = PBXBuildFile; fileRef = B556A02D2D096ECF00D83503 /* ProductDetailsModel.m */; };
		B556A0312D09B9C800D83503 /* AddToCartViewModel.m in Sources */ = {isa = PBXBuildFile; fileRef = B556A0302D09B9C800D83503 /* AddToCartViewModel.m */; };
		B556A0352D09C06D00D83503 /* AddToCartModel.m in Sources */ = {isa = PBXBuildFile; fileRef = B556A0342D09C06D00D83503 /* AddToCartModel.m */; };
		B556A0392D09C27100D83503 /* AddToCartAPIs.m in Sources */ = {isa = PBXBuildFile; fileRef = B556A0382D09C27100D83503 /* AddToCartAPIs.m */; };
		B556A03C2D09C28400D83503 /* AddToCartServices.m in Sources */ = {isa = PBXBuildFile; fileRef = B556A03B2D09C28400D83503 /* AddToCartServices.m */; };
		B5ABBFA52D0AAB5B00942851 /* MenuViewController.m in Sources */ = {isa = PBXBuildFile; fileRef = B5ABBFA42D0AAB5B00942851 /* MenuViewController.m */; };
		B5C7A06F2D0ACF78003A55E8 /* Storage.m in Sources */ = {isa = PBXBuildFile; fileRef = B5C7A06E2D0ACF78003A55E8 /* Storage.m */; };
		B5C7A0742D0AF89A003A55E8 /* MenuTableViewCell.m in Sources */ = {isa = PBXBuildFile; fileRef = B5C7A0722D0AF89A003A55E8 /* MenuTableViewCell.m */; };
		B5C7A0752D0AF89A003A55E8 /* MenuTableViewCell.xib in Resources */ = {isa = PBXBuildFile; fileRef = B5C7A0732D0AF89A003A55E8 /* MenuTableViewCell.xib */; };
/* End PBXBuildFile section */

/* Begin PBXFileReference section */
		7E4BA7BBF85957646A422D99 /* Pods-NEO.debug.xcconfig */ = {isa = PBXFileReference; includeInIndex = 1; lastKnownFileType = text.xcconfig; name = "Pods-NEO.debug.xcconfig"; path = "Target Support Files/Pods-NEO/Pods-NEO.debug.xcconfig"; sourceTree = "<group>"; };
		B500A77B2D02DDD400378734 /* NEO.app */ = {isa = PBXFileReference; explicitFileType = wrapper.application; includeInIndex = 0; path = NEO.app; sourceTree = BUILT_PRODUCTS_DIR; };
		B500A77E2D02DDD400378734 /* AppDelegate.h */ = {isa = PBXFileReference; lastKnownFileType = sourcecode.c.h; path = AppDelegate.h; sourceTree = "<group>"; };
		B500A77F2D02DDD400378734 /* AppDelegate.m */ = {isa = PBXFileReference; lastKnownFileType = sourcecode.c.objc; path = AppDelegate.m; sourceTree = "<group>"; };
		B500A7812D02DDD400378734 /* SceneDelegate.h */ = {isa = PBXFileReference; lastKnownFileType = sourcecode.c.h; path = SceneDelegate.h; sourceTree = "<group>"; };
		B500A7822D02DDD400378734 /* SceneDelegate.m */ = {isa = PBXFileReference; lastKnownFileType = sourcecode.c.objc; path = SceneDelegate.m; sourceTree = "<group>"; };
		B500A7842D02DDD400378734 /* LoginViewController.h */ = {isa = PBXFileReference; lastKnownFileType = sourcecode.c.h; path = LoginViewController.h; sourceTree = "<group>"; };
		B500A7852D02DDD400378734 /* LoginViewController.m */ = {isa = PBXFileReference; lastKnownFileType = sourcecode.c.objc; path = LoginViewController.m; sourceTree = "<group>"; };
		B500A7882D02DDD400378734 /* Base */ = {isa = PBXFileReference; lastKnownFileType = file.storyboard; name = Base; path = Base.lproj/Main.storyboard; sourceTree = "<group>"; };
		B500A78A2D02DDD600378734 /* Assets.xcassets */ = {isa = PBXFileReference; lastKnownFileType = folder.assetcatalog; path = Assets.xcassets; sourceTree = "<group>"; };
		B500A78D2D02DDD600378734 /* Base */ = {isa = PBXFileReference; lastKnownFileType = file.storyboard; name = Base; path = Base.lproj/LaunchScreen.storyboard; sourceTree = "<group>"; };
		B500A78F2D02DDD600378734 /* Info.plist */ = {isa = PBXFileReference; lastKnownFileType = text.plist.xml; path = Info.plist; sourceTree = "<group>"; };
		B500A7902D02DDD600378734 /* main.m */ = {isa = PBXFileReference; lastKnownFileType = sourcecode.c.objc; path = main.m; sourceTree = "<group>"; };
		B500A7AA2D02E28300378734 /* RegisterViewModel.h */ = {isa = PBXFileReference; lastKnownFileType = sourcecode.c.h; path = RegisterViewModel.h; sourceTree = "<group>"; };
		B500A7AB2D02E28300378734 /* RegisterViewModel.m */ = {isa = PBXFileReference; lastKnownFileType = sourcecode.c.objc; path = RegisterViewModel.m; sourceTree = "<group>"; };
		B500A7AD2D02E29600378734 /* RegisterViewController.h */ = {isa = PBXFileReference; lastKnownFileType = sourcecode.c.h; path = RegisterViewController.h; sourceTree = "<group>"; };
		B500A7AE2D02E29600378734 /* RegisterViewController.m */ = {isa = PBXFileReference; lastKnownFileType = sourcecode.c.objc; path = RegisterViewController.m; sourceTree = "<group>"; };
		B500A7B22D02E39A00378734 /* RegisterModel.h */ = {isa = PBXFileReference; lastKnownFileType = sourcecode.c.h; path = RegisterModel.h; sourceTree = "<group>"; };
		B500A7B32D02E39A00378734 /* RegisterModel.m */ = {isa = PBXFileReference; lastKnownFileType = sourcecode.c.objc; path = RegisterModel.m; sourceTree = "<group>"; };
		B500A7B72D02E3FF00378734 /* RegisterAPIs.h */ = {isa = PBXFileReference; lastKnownFileType = sourcecode.c.h; path = RegisterAPIs.h; sourceTree = "<group>"; };
		B500A7B82D02E3FF00378734 /* RegisterAPIs.m */ = {isa = PBXFileReference; lastKnownFileType = sourcecode.c.objc; path = RegisterAPIs.m; sourceTree = "<group>"; };
		B500A7BA2D02E41000378734 /* RegisterServices.h */ = {isa = PBXFileReference; lastKnownFileType = sourcecode.c.h; path = RegisterServices.h; sourceTree = "<group>"; };
		B500A7BB2D02E41000378734 /* RegisterServices.m */ = {isa = PBXFileReference; lastKnownFileType = sourcecode.c.objc; path = RegisterServices.m; sourceTree = "<group>"; };
		B500A7BD2D02E46700378734 /* APIRequest.h */ = {isa = PBXFileReference; lastKnownFileType = sourcecode.c.h; path = APIRequest.h; sourceTree = "<group>"; };
		B500A7BE2D02E46700378734 /* APIRequest.m */ = {isa = PBXFileReference; lastKnownFileType = sourcecode.c.objc; path = APIRequest.m; sourceTree = "<group>"; };
		B500A7C02D02E47A00378734 /* NetworkManager.h */ = {isa = PBXFileReference; lastKnownFileType = sourcecode.c.h; path = NetworkManager.h; sourceTree = "<group>"; };
		B500A7C12D02E47A00378734 /* NetworkManager.m */ = {isa = PBXFileReference; lastKnownFileType = sourcecode.c.objc; path = NetworkManager.m; sourceTree = "<group>"; };
		B500A7C52D02E4F100378734 /* TextFieldExtension.h */ = {isa = PBXFileReference; lastKnownFileType = sourcecode.c.h; path = TextFieldExtension.h; sourceTree = "<group>"; };
		B500A7C62D02E4F100378734 /* TextFieldExtension.m */ = {isa = PBXFileReference; lastKnownFileType = sourcecode.c.objc; path = TextFieldExtension.m; sourceTree = "<group>"; };
		B500A7C82D02E54F00378734 /* ForgotViewController.h */ = {isa = PBXFileReference; lastKnownFileType = sourcecode.c.h; path = ForgotViewController.h; sourceTree = "<group>"; };
		B500A7C92D02E54F00378734 /* ForgotViewController.m */ = {isa = PBXFileReference; lastKnownFileType = sourcecode.c.objc; path = ForgotViewController.m; sourceTree = "<group>"; };
		B500A7CC2D02E67B00378734 /* RegisterViewCell.h */ = {isa = PBXFileReference; lastKnownFileType = sourcecode.c.h; path = RegisterViewCell.h; sourceTree = "<group>"; };
		B500A7CD2D02E67B00378734 /* RegisterViewCell.m */ = {isa = PBXFileReference; lastKnownFileType = sourcecode.c.objc; path = RegisterViewCell.m; sourceTree = "<group>"; };
		B500A7CE2D02E67B00378734 /* RegisterViewCell.xib */ = {isa = PBXFileReference; lastKnownFileType = file.xib; path = RegisterViewCell.xib; sourceTree = "<group>"; };
		B500A7D12D0341B000378734 /* LoginViewModel.h */ = {isa = PBXFileReference; lastKnownFileType = sourcecode.c.h; path = LoginViewModel.h; sourceTree = "<group>"; };
		B500A7D22D0341B000378734 /* LoginViewModel.m */ = {isa = PBXFileReference; lastKnownFileType = sourcecode.c.objc; path = LoginViewModel.m; sourceTree = "<group>"; };
		B51859E02D06C5CF00E6DFDC /* LoginAPIs.h */ = {isa = PBXFileReference; lastKnownFileType = sourcecode.c.h; path = LoginAPIs.h; sourceTree = "<group>"; };
		B51859E12D06C5CF00E6DFDC /* LoginAPIs.m */ = {isa = PBXFileReference; lastKnownFileType = sourcecode.c.objc; path = LoginAPIs.m; sourceTree = "<group>"; };
		B51859E32D06C5DD00E6DFDC /* LoginServices.h */ = {isa = PBXFileReference; lastKnownFileType = sourcecode.c.h; path = LoginServices.h; sourceTree = "<group>"; };
		B51859E42D06C5DD00E6DFDC /* LoginServices.m */ = {isa = PBXFileReference; lastKnownFileType = sourcecode.c.objc; path = LoginServices.m; sourceTree = "<group>"; };
		B51859E62D06C6B400E6DFDC /* LoginModel.h */ = {isa = PBXFileReference; lastKnownFileType = sourcecode.c.h; path = LoginModel.h; sourceTree = "<group>"; };
		B51859E72D06C6B400E6DFDC /* LoginModel.m */ = {isa = PBXFileReference; lastKnownFileType = sourcecode.c.objc; path = LoginModel.m; sourceTree = "<group>"; };
		B51859EA2D06DB5C00E6DFDC /* HomeViewController.h */ = {isa = PBXFileReference; lastKnownFileType = sourcecode.c.h; path = HomeViewController.h; sourceTree = "<group>"; };
		B51859EB2D06DB5C00E6DFDC /* HomeViewController.m */ = {isa = PBXFileReference; lastKnownFileType = sourcecode.c.objc; path = HomeViewController.m; sourceTree = "<group>"; };
		B51859ED2D06F45700E6DFDC /* CategoryCollectionViewCell.h */ = {isa = PBXFileReference; lastKnownFileType = sourcecode.c.h; path = CategoryCollectionViewCell.h; sourceTree = "<group>"; };
		B51859EE2D06F45700E6DFDC /* CategoryCollectionViewCell.m */ = {isa = PBXFileReference; lastKnownFileType = sourcecode.c.objc; path = CategoryCollectionViewCell.m; sourceTree = "<group>"; };
		B51859EF2D06F45700E6DFDC /* CategoryCollectionViewCell.xib */ = {isa = PBXFileReference; lastKnownFileType = file.xib; path = CategoryCollectionViewCell.xib; sourceTree = "<group>"; };
		B51859F52D0713D000E6DFDC /* ProductListViewController.h */ = {isa = PBXFileReference; lastKnownFileType = sourcecode.c.h; path = ProductListViewController.h; sourceTree = "<group>"; };
		B51859F62D0713D000E6DFDC /* ProductListViewController.m */ = {isa = PBXFileReference; lastKnownFileType = sourcecode.c.objc; path = ProductListViewController.m; sourceTree = "<group>"; };
		B51859F82D07239E00E6DFDC /* ProductListTableViewCell.h */ = {isa = PBXFileReference; lastKnownFileType = sourcecode.c.h; path = ProductListTableViewCell.h; sourceTree = "<group>"; };
		B51859F92D07239E00E6DFDC /* ProductListTableViewCell.m */ = {isa = PBXFileReference; lastKnownFileType = sourcecode.c.objc; path = ProductListTableViewCell.m; sourceTree = "<group>"; };
		B51859FA2D07239E00E6DFDC /* ProductListTableViewCell.xib */ = {isa = PBXFileReference; lastKnownFileType = file.xib; path = ProductListTableViewCell.xib; sourceTree = "<group>"; };
		B51859FF2D07286900E6DFDC /* ProductListViewModel.h */ = {isa = PBXFileReference; lastKnownFileType = sourcecode.c.h; path = ProductListViewModel.h; sourceTree = "<group>"; };
		B5185A002D07286900E6DFDC /* ProductListViewModel.m */ = {isa = PBXFileReference; lastKnownFileType = sourcecode.c.objc; path = ProductListViewModel.m; sourceTree = "<group>"; };
		B5185A032D07337300E6DFDC /* ProductListModel.h */ = {isa = PBXFileReference; lastKnownFileType = sourcecode.c.h; path = ProductListModel.h; sourceTree = "<group>"; };
		B5185A042D07337300E6DFDC /* ProductListModel.m */ = {isa = PBXFileReference; lastKnownFileType = sourcecode.c.objc; path = ProductListModel.m; sourceTree = "<group>"; };
		B5226F542D0C1328001A757C /* MyCartViewController.h */ = {isa = PBXFileReference; lastKnownFileType = sourcecode.c.h; path = MyCartViewController.h; sourceTree = "<group>"; };
		B5226F552D0C1328001A757C /* MyCartViewController.m */ = {isa = PBXFileReference; lastKnownFileType = sourcecode.c.objc; path = MyCartViewController.m; sourceTree = "<group>"; };
		B5226F572D0C1454001A757C /* MyCartViewModel.h */ = {isa = PBXFileReference; lastKnownFileType = sourcecode.c.h; path = MyCartViewModel.h; sourceTree = "<group>"; };
		B5226F582D0C1454001A757C /* MyCartViewModel.m */ = {isa = PBXFileReference; lastKnownFileType = sourcecode.c.objc; path = MyCartViewModel.m; sourceTree = "<group>"; };
		B5226F5B2D0C1528001A757C /* MyCartTableViewCell.h */ = {isa = PBXFileReference; lastKnownFileType = sourcecode.c.h; path = MyCartTableViewCell.h; sourceTree = "<group>"; };
		B5226F5C2D0C1528001A757C /* MyCartTableViewCell.m */ = {isa = PBXFileReference; lastKnownFileType = sourcecode.c.objc; path = MyCartTableViewCell.m; sourceTree = "<group>"; };
		B5226F5D2D0C1528001A757C /* MyCartTableViewCell.xib */ = {isa = PBXFileReference; lastKnownFileType = file.xib; path = MyCartTableViewCell.xib; sourceTree = "<group>"; };
		B5226F612D0C1A29001A757C /* MyCartModel.h */ = {isa = PBXFileReference; lastKnownFileType = sourcecode.c.h; path = MyCartModel.h; sourceTree = "<group>"; };
		B5226F622D0C1A29001A757C /* MyCartModel.m */ = {isa = PBXFileReference; lastKnownFileType = sourcecode.c.objc; path = MyCartModel.m; sourceTree = "<group>"; };
		B5226F652D0C304C001A757C /* MyCartAPIs.h */ = {isa = PBXFileReference; lastKnownFileType = sourcecode.c.h; path = MyCartAPIs.h; sourceTree = "<group>"; };
		B5226F662D0C304C001A757C /* MyCartAPIs.m */ = {isa = PBXFileReference; lastKnownFileType = sourcecode.c.objc; path = MyCartAPIs.m; sourceTree = "<group>"; };
		B5226F682D0C305C001A757C /* MyCartServices.h */ = {isa = PBXFileReference; lastKnownFileType = sourcecode.c.h; path = MyCartServices.h; sourceTree = "<group>"; };
		B5226F692D0C305C001A757C /* MyCartServices.m */ = {isa = PBXFileReference; lastKnownFileType = sourcecode.c.objc; path = MyCartServices.m; sourceTree = "<group>"; };
		B5226F6B2D0C698B001A757C /* ProductImagesViewCell.h */ = {isa = PBXFileReference; lastKnownFileType = sourcecode.c.h; path = ProductImagesViewCell.h; sourceTree = "<group>"; };
		B5226F6C2D0C698B001A757C /* ProductImagesViewCell.m */ = {isa = PBXFileReference; lastKnownFileType = sourcecode.c.objc; path = ProductImagesViewCell.m; sourceTree = "<group>"; };
		B5226F6D2D0C698B001A757C /* ProductImagesViewCell.xib */ = {isa = PBXFileReference; lastKnownFileType = file.xib; path = ProductImagesViewCell.xib; sourceTree = "<group>"; };
		B5226F752D0C71FE001A757C /* OrderDetailTableViewCell.h */ = {isa = PBXFileReference; lastKnownFileType = sourcecode.c.h; path = OrderDetailTableViewCell.h; sourceTree = "<group>"; };
		B5226F762D0C71FE001A757C /* OrderDetailTableViewCell.m */ = {isa = PBXFileReference; lastKnownFileType = sourcecode.c.objc; path = OrderDetailTableViewCell.m; sourceTree = "<group>"; };
		B5226F772D0C71FE001A757C /* OrderDetailTableViewCell.xib */ = {isa = PBXFileReference; lastKnownFileType = file.xib; path = OrderDetailTableViewCell.xib; sourceTree = "<group>"; };
		B5226F7C2D0C7442001A757C /* OrderListTableViewCell.h */ = {isa = PBXFileReference; lastKnownFileType = sourcecode.c.h; path = OrderListTableViewCell.h; sourceTree = "<group>"; };
		B5226F7D2D0C7442001A757C /* OrderListTableViewCell.m */ = {isa = PBXFileReference; lastKnownFileType = sourcecode.c.objc; path = OrderListTableViewCell.m; sourceTree = "<group>"; };
		B5226F7E2D0C7442001A757C /* OrderListTableViewCell.xib */ = {isa = PBXFileReference; lastKnownFileType = file.xib; path = OrderListTableViewCell.xib; sourceTree = "<group>"; };
		B53E6E522D080FA200CDDA6C /* ProductListAPIs.h */ = {isa = PBXFileReference; lastKnownFileType = sourcecode.c.h; path = ProductListAPIs.h; sourceTree = "<group>"; };
		B53E6E532D080FA200CDDA6C /* ProductListAPIs.m */ = {isa = PBXFileReference; lastKnownFileType = sourcecode.c.objc; path = ProductListAPIs.m; sourceTree = "<group>"; };
		B53E6E552D080FBB00CDDA6C /* ProductListServices.h */ = {isa = PBXFileReference; lastKnownFileType = sourcecode.c.h; path = ProductListServices.h; sourceTree = "<group>"; };
		B53E6E562D080FBB00CDDA6C /* ProductListServices.m */ = {isa = PBXFileReference; lastKnownFileType = sourcecode.c.objc; path = ProductListServices.m; sourceTree = "<group>"; };
		B556A0182D095C3000D83503 /* ProductDetailsViewController.h */ = {isa = PBXFileReference; lastKnownFileType = sourcecode.c.h; path = ProductDetailsViewController.h; sourceTree = "<group>"; };
		B556A0192D095C3000D83503 /* ProductDetailsViewController.m */ = {isa = PBXFileReference; lastKnownFileType = sourcecode.c.objc; path = ProductDetailsViewController.m; sourceTree = "<group>"; };
		B556A01E2D0963AF00D83503 /* AddToCartViewController.h */ = {isa = PBXFileReference; lastKnownFileType = sourcecode.c.h; path = AddToCartViewController.h; sourceTree = "<group>"; };
		B556A01F2D0963AF00D83503 /* AddToCartViewController.m */ = {isa = PBXFileReference; lastKnownFileType = sourcecode.c.objc; path = AddToCartViewController.m; sourceTree = "<group>"; };
		B556A0212D09683800D83503 /* ProductDetailsViewModel.h */ = {isa = PBXFileReference; lastKnownFileType = sourcecode.c.h; path = ProductDetailsViewModel.h; sourceTree = "<group>"; };
		B556A0222D09683800D83503 /* ProductDetailsViewModel.m */ = {isa = PBXFileReference; lastKnownFileType = sourcecode.c.objc; path = ProductDetailsViewModel.m; sourceTree = "<group>"; };
		B556A0252D096E7800D83503 /* ProductDetailsAPIs.h */ = {isa = PBXFileReference; lastKnownFileType = sourcecode.c.h; path = ProductDetailsAPIs.h; sourceTree = "<group>"; };
		B556A0262D096E7800D83503 /* ProductDetailsAPIs.m */ = {isa = PBXFileReference; lastKnownFileType = sourcecode.c.objc; path = ProductDetailsAPIs.m; sourceTree = "<group>"; };
		B556A0282D096E9700D83503 /* ProductDetailServices.h */ = {isa = PBXFileReference; lastKnownFileType = sourcecode.c.h; path = ProductDetailServices.h; sourceTree = "<group>"; };
		B556A0292D096E9700D83503 /* ProductDetailServices.m */ = {isa = PBXFileReference; lastKnownFileType = sourcecode.c.objc; path = ProductDetailServices.m; sourceTree = "<group>"; };
		B556A02C2D096ECF00D83503 /* ProductDetailsModel.h */ = {isa = PBXFileReference; lastKnownFileType = sourcecode.c.h; path = ProductDetailsModel.h; sourceTree = "<group>"; };
		B556A02D2D096ECF00D83503 /* ProductDetailsModel.m */ = {isa = PBXFileReference; lastKnownFileType = sourcecode.c.objc; path = ProductDetailsModel.m; sourceTree = "<group>"; };
		B556A02F2D09B9C800D83503 /* AddToCartViewModel.h */ = {isa = PBXFileReference; lastKnownFileType = sourcecode.c.h; path = AddToCartViewModel.h; sourceTree = "<group>"; };
		B556A0302D09B9C800D83503 /* AddToCartViewModel.m */ = {isa = PBXFileReference; lastKnownFileType = sourcecode.c.objc; path = AddToCartViewModel.m; sourceTree = "<group>"; };
		B556A0332D09C06D00D83503 /* AddToCartModel.h */ = {isa = PBXFileReference; lastKnownFileType = sourcecode.c.h; path = AddToCartModel.h; sourceTree = "<group>"; };
		B556A0342D09C06D00D83503 /* AddToCartModel.m */ = {isa = PBXFileReference; lastKnownFileType = sourcecode.c.objc; path = AddToCartModel.m; sourceTree = "<group>"; };
		B556A0372D09C27100D83503 /* AddToCartAPIs.h */ = {isa = PBXFileReference; lastKnownFileType = sourcecode.c.h; path = AddToCartAPIs.h; sourceTree = "<group>"; };
		B556A0382D09C27100D83503 /* AddToCartAPIs.m */ = {isa = PBXFileReference; lastKnownFileType = sourcecode.c.objc; path = AddToCartAPIs.m; sourceTree = "<group>"; };
		B556A03A2D09C28400D83503 /* AddToCartServices.h */ = {isa = PBXFileReference; lastKnownFileType = sourcecode.c.h; path = AddToCartServices.h; sourceTree = "<group>"; };
		B556A03B2D09C28400D83503 /* AddToCartServices.m */ = {isa = PBXFileReference; lastKnownFileType = sourcecode.c.objc; path = AddToCartServices.m; sourceTree = "<group>"; };
		B5ABBFA32D0AAB5B00942851 /* MenuViewController.h */ = {isa = PBXFileReference; lastKnownFileType = sourcecode.c.h; path = MenuViewController.h; sourceTree = "<group>"; };
		B5ABBFA42D0AAB5B00942851 /* MenuViewController.m */ = {isa = PBXFileReference; lastKnownFileType = sourcecode.c.objc; path = MenuViewController.m; sourceTree = "<group>"; };
		B5C7A06D2D0ACF78003A55E8 /* Storage.h */ = {isa = PBXFileReference; lastKnownFileType = sourcecode.c.h; path = Storage.h; sourceTree = "<group>"; };
		B5C7A06E2D0ACF78003A55E8 /* Storage.m */ = {isa = PBXFileReference; lastKnownFileType = sourcecode.c.objc; path = Storage.m; sourceTree = "<group>"; };
		B5C7A0712D0AF89A003A55E8 /* MenuTableViewCell.h */ = {isa = PBXFileReference; lastKnownFileType = sourcecode.c.h; path = MenuTableViewCell.h; sourceTree = "<group>"; };
		B5C7A0722D0AF89A003A55E8 /* MenuTableViewCell.m */ = {isa = PBXFileReference; lastKnownFileType = sourcecode.c.objc; path = MenuTableViewCell.m; sourceTree = "<group>"; };
		B5C7A0732D0AF89A003A55E8 /* MenuTableViewCell.xib */ = {isa = PBXFileReference; lastKnownFileType = file.xib; path = MenuTableViewCell.xib; sourceTree = "<group>"; };
		C68D9D89F8B0902428FF05CC /* Pods-NEO.release.xcconfig */ = {isa = PBXFileReference; includeInIndex = 1; lastKnownFileType = text.xcconfig; name = "Pods-NEO.release.xcconfig"; path = "Target Support Files/Pods-NEO/Pods-NEO.release.xcconfig"; sourceTree = "<group>"; };
		DB5F633B4C1FD65CD3E06D25 /* Pods_NEO.framework */ = {isa = PBXFileReference; explicitFileType = wrapper.framework; includeInIndex = 0; path = Pods_NEO.framework; sourceTree = BUILT_PRODUCTS_DIR; };
/* End PBXFileReference section */

/* Begin PBXFrameworksBuildPhase section */
		B500A7782D02DDD400378734 /* Frameworks */ = {
			isa = PBXFrameworksBuildPhase;
			buildActionMask = 2147483647;
			files = (
				8AF8F0557686B1D5EC0809CE /* Pods_NEO.framework in Frameworks */,
			);
			runOnlyForDeploymentPostprocessing = 0;
		};
/* End PBXFrameworksBuildPhase section */

/* Begin PBXGroup section */
		088E412CB745D6A6B785C3F3 /* Pods */ = {
			isa = PBXGroup;
			children = (
				7E4BA7BBF85957646A422D99 /* Pods-NEO.debug.xcconfig */,
				C68D9D89F8B0902428FF05CC /* Pods-NEO.release.xcconfig */,
			);
			path = Pods;
			sourceTree = "<group>";
		};
		69C04D9BC46BED5BE2F0F8A4 /* Frameworks */ = {
			isa = PBXGroup;
			children = (
				DB5F633B4C1FD65CD3E06D25 /* Pods_NEO.framework */,
			);
			name = Frameworks;
			sourceTree = "<group>";
		};
		B500A7722D02DDD400378734 = {
			isa = PBXGroup;
			children = (
				B500A77D2D02DDD400378734 /* NEO */,
				B500A77C2D02DDD400378734 /* Products */,
				088E412CB745D6A6B785C3F3 /* Pods */,
				69C04D9BC46BED5BE2F0F8A4 /* Frameworks */,
			);
			sourceTree = "<group>";
		};
		B500A77C2D02DDD400378734 /* Products */ = {
			isa = PBXGroup;
			children = (
				B500A77B2D02DDD400378734 /* NEO.app */,
			);
			name = Products;
			sourceTree = "<group>";
		};
		B500A77D2D02DDD400378734 /* NEO */ = {
			isa = PBXGroup;
			children = (
				B500A7972D02DDE900378734 /* Application */,
				B500A7982D02DE3600378734 /* Presentation */,
				B500A7992D02DE3F00378734 /* BusinessLayer */,
				B500A79A2D02DE4900378734 /* DataLayer */,
				B5C7A06C2D0ACF41003A55E8 /* Storage */,
				B500A79C2D02DE5F00378734 /* Utils */,
				B500A79B2D02DE4F00378734 /* Resources */,
				B500A7872D02DDD400378734 /* Main.storyboard */,
				B500A78A2D02DDD600378734 /* Assets.xcassets */,
				B500A78F2D02DDD600378734 /* Info.plist */,
			);
			path = NEO;
			sourceTree = "<group>";
		};
		B500A7972D02DDE900378734 /* Application */ = {
			isa = PBXGroup;
			children = (
				B500A77E2D02DDD400378734 /* AppDelegate.h */,
				B500A77F2D02DDD400378734 /* AppDelegate.m */,
				B500A7812D02DDD400378734 /* SceneDelegate.h */,
				B500A7822D02DDD400378734 /* SceneDelegate.m */,
				B500A7902D02DDD600378734 /* main.m */,
				B500A78C2D02DDD600378734 /* LaunchScreen.storyboard */,
			);
			path = Application;
			sourceTree = "<group>";
		};
		B500A7982D02DE3600378734 /* Presentation */ = {
			isa = PBXGroup;
			children = (
				B5226F722D0C71CF001A757C /* OrderDetail */,
				B5226F712D0C71C7001A757C /* OrderList */,
				B5226F502D0BFDB1001A757C /* MyAccount */,
				B5226F4F2D0BFDAA001A757C /* Order */,
				B5226F4E2D0BFD8D001A757C /* MyCart */,
				B5ABBFA12D0AAB2500942851 /* Menu */,
				B556A01B2D0962C400D83503 /* AddToCartViewController */,
				B556A0122D095AFA00D83503 /* ProductDetails */,
				B51859F32D0713B000E6DFDC /* ProductList */,
				B500A7A02D02DEA600378734 /* Home */,
				B500A79F2D02DE9300378734 /* ForgotPassword */,
				B500A79E2D02DE8C00378734 /* Register */,
				B500A79D2D02DE7700378734 /* Login */,
			);
			path = Presentation;
			sourceTree = "<group>";
		};
		B500A7992D02DE3F00378734 /* BusinessLayer */ = {
			isa = PBXGroup;
			children = (
				B500A7B52D02E3C900378734 /* Repositories */,
				B500A7B02D02E37300378734 /* Models */,
			);
			path = BusinessLayer;
			sourceTree = "<group>";
		};
		B500A79A2D02DE4900378734 /* DataLayer */ = {
			isa = PBXGroup;
			children = (
				B500A7BD2D02E46700378734 /* APIRequest.h */,
				B500A7BE2D02E46700378734 /* APIRequest.m */,
				B500A7C02D02E47A00378734 /* NetworkManager.h */,
				B500A7C12D02E47A00378734 /* NetworkManager.m */,
			);
			path = DataLayer;
			sourceTree = "<group>";
		};
		B500A79B2D02DE4F00378734 /* Resources */ = {
			isa = PBXGroup;
			children = (
			);
			path = Resources;
			sourceTree = "<group>";
		};
		B500A79C2D02DE5F00378734 /* Utils */ = {
			isa = PBXGroup;
			children = (
				B500A7C42D02E4D600378734 /* Extensions */,
				B500A7C32D02E4CF00378734 /* Custom */,
			);
			path = Utils;
			sourceTree = "<group>";
		};
		B500A79D2D02DE7700378734 /* Login */ = {
			isa = PBXGroup;
			children = (
				B500A7A92D02DEFD00378734 /* ViewModel */,
				B500A7A72D02DEEB00378734 /* View */,
			);
			path = Login;
			sourceTree = "<group>";
		};
		B500A79E2D02DE8C00378734 /* Register */ = {
			isa = PBXGroup;
			children = (
				B500A7A62D02DEE400378734 /* ViewModel */,
				B500A7A52D02DEDF00378734 /* View */,
			);
			path = Register;
			sourceTree = "<group>";
		};
		B500A79F2D02DE9300378734 /* ForgotPassword */ = {
			isa = PBXGroup;
			children = (
				B500A7A42D02DED500378734 /* ViewModel */,
				B500A7A32D02DECC00378734 /* View */,
			);
			path = ForgotPassword;
			sourceTree = "<group>";
		};
		B500A7A02D02DEA600378734 /* Home */ = {
			isa = PBXGroup;
			children = (
				B500A7A22D02DEB200378734 /* ViewModel */,
				B500A7A12D02DEAD00378734 /* View */,
			);
			path = Home;
			sourceTree = "<group>";
		};
		B500A7A12D02DEAD00378734 /* View */ = {
			isa = PBXGroup;
			children = (
				B51859F22D06F4FC00E6DFDC /* Cell */,
				B51859EA2D06DB5C00E6DFDC /* HomeViewController.h */,
				B51859EB2D06DB5C00E6DFDC /* HomeViewController.m */,
			);
			path = View;
			sourceTree = "<group>";
		};
		B500A7A22D02DEB200378734 /* ViewModel */ = {
			isa = PBXGroup;
			children = (
			);
			path = ViewModel;
			sourceTree = "<group>";
		};
		B500A7A32D02DECC00378734 /* View */ = {
			isa = PBXGroup;
			children = (
				B500A7C82D02E54F00378734 /* ForgotViewController.h */,
				B500A7C92D02E54F00378734 /* ForgotViewController.m */,
			);
			path = View;
			sourceTree = "<group>";
		};
		B500A7A42D02DED500378734 /* ViewModel */ = {
			isa = PBXGroup;
			children = (
			);
			path = ViewModel;
			sourceTree = "<group>";
		};
		B500A7A52D02DEDF00378734 /* View */ = {
			isa = PBXGroup;
			children = (
				B500A7CB2D02E66200378734 /* Cell */,
				B500A7AD2D02E29600378734 /* RegisterViewController.h */,
				B500A7AE2D02E29600378734 /* RegisterViewController.m */,
			);
			path = View;
			sourceTree = "<group>";
		};
		B500A7A62D02DEE400378734 /* ViewModel */ = {
			isa = PBXGroup;
			children = (
				B500A7AA2D02E28300378734 /* RegisterViewModel.h */,
				B500A7AB2D02E28300378734 /* RegisterViewModel.m */,
			);
			path = ViewModel;
			sourceTree = "<group>";
		};
		B500A7A72D02DEEB00378734 /* View */ = {
			isa = PBXGroup;
			children = (
				B500A7842D02DDD400378734 /* LoginViewController.h */,
				B500A7852D02DDD400378734 /* LoginViewController.m */,
			);
			path = View;
			sourceTree = "<group>";
		};
		B500A7A92D02DEFD00378734 /* ViewModel */ = {
			isa = PBXGroup;
			children = (
				B500A7D12D0341B000378734 /* LoginViewModel.h */,
				B500A7D22D0341B000378734 /* LoginViewModel.m */,
			);
			path = ViewModel;
			sourceTree = "<group>";
		};
		B500A7B02D02E37300378734 /* Models */ = {
			isa = PBXGroup;
			children = (
				B5226F602D0C199E001A757C /* MyCart */,
				B556A0322D09C04000D83503 /* AddToCart */,
				B556A02B2D096EAB00D83503 /* ProductDetails */,
				B5185A022D07335C00E6DFDC /* ProductList */,
				B51859E92D06C6F400E6DFDC /* Login */,
				B500A7B12D02E37C00378734 /* Register */,
			);
			path = Models;
			sourceTree = "<group>";
		};
		B500A7B12D02E37C00378734 /* Register */ = {
			isa = PBXGroup;
			children = (
				B500A7B22D02E39A00378734 /* RegisterModel.h */,
				B500A7B32D02E39A00378734 /* RegisterModel.m */,
			);
			path = Register;
			sourceTree = "<group>";
		};
		B500A7B52D02E3C900378734 /* Repositories */ = {
			isa = PBXGroup;
			children = (
				B5226F642D0C3005001A757C /* MyCart */,
				B556A0362D09C25A00D83503 /* AddToCart */,
				B556A0242D096E4300D83503 /* ProductDetails */,
				B53E6E512D080F8C00CDDA6C /* ProductList */,
				B51859DF2D06C5BA00E6DFDC /* Login */,
				B500A7B62D02E3D700378734 /* Register */,
			);
			path = Repositories;
			sourceTree = "<group>";
		};
		B500A7B62D02E3D700378734 /* Register */ = {
			isa = PBXGroup;
			children = (
				B500A7B72D02E3FF00378734 /* RegisterAPIs.h */,
				B500A7B82D02E3FF00378734 /* RegisterAPIs.m */,
				B500A7BA2D02E41000378734 /* RegisterServices.h */,
				B500A7BB2D02E41000378734 /* RegisterServices.m */,
			);
			path = Register;
			sourceTree = "<group>";
		};
		B500A7C32D02E4CF00378734 /* Custom */ = {
			isa = PBXGroup;
			children = (
			);
			path = Custom;
			sourceTree = "<group>";
		};
		B500A7C42D02E4D600378734 /* Extensions */ = {
			isa = PBXGroup;
			children = (
				B500A7C52D02E4F100378734 /* TextFieldExtension.h */,
				B500A7C62D02E4F100378734 /* TextFieldExtension.m */,
			);
			path = Extensions;
			sourceTree = "<group>";
		};
		B500A7CB2D02E66200378734 /* Cell */ = {
			isa = PBXGroup;
			children = (
				B500A7CC2D02E67B00378734 /* RegisterViewCell.h */,
				B500A7CD2D02E67B00378734 /* RegisterViewCell.m */,
				B500A7CE2D02E67B00378734 /* RegisterViewCell.xib */,
			);
			path = Cell;
			sourceTree = "<group>";
		};
		B51859DF2D06C5BA00E6DFDC /* Login */ = {
			isa = PBXGroup;
			children = (
				B51859E02D06C5CF00E6DFDC /* LoginAPIs.h */,
				B51859E12D06C5CF00E6DFDC /* LoginAPIs.m */,
				B51859E32D06C5DD00E6DFDC /* LoginServices.h */,
				B51859E42D06C5DD00E6DFDC /* LoginServices.m */,
			);
			path = Login;
			sourceTree = "<group>";
		};
		B51859E92D06C6F400E6DFDC /* Login */ = {
			isa = PBXGroup;
			children = (
				B51859E62D06C6B400E6DFDC /* LoginModel.h */,
				B51859E72D06C6B400E6DFDC /* LoginModel.m */,
			);
			path = Login;
			sourceTree = "<group>";
		};
		B51859F22D06F4FC00E6DFDC /* Cell */ = {
			isa = PBXGroup;
			children = (
				B51859ED2D06F45700E6DFDC /* CategoryCollectionViewCell.h */,
				B51859EE2D06F45700E6DFDC /* CategoryCollectionViewCell.m */,
				B51859EF2D06F45700E6DFDC /* CategoryCollectionViewCell.xib */,
			);
			path = Cell;
			sourceTree = "<group>";
		};
		B51859F32D0713B000E6DFDC /* ProductList */ = {
			isa = PBXGroup;
			children = (
				B51859FE2D07284E00E6DFDC /* ViewModel */,
				B51859F42D0713BB00E6DFDC /* View */,
			);
			path = ProductList;
			sourceTree = "<group>";
		};
		B51859F42D0713BB00E6DFDC /* View */ = {
			isa = PBXGroup;
			children = (
				B51859FD2D0723A600E6DFDC /* Cell */,
				B51859F52D0713D000E6DFDC /* ProductListViewController.h */,
				B51859F62D0713D000E6DFDC /* ProductListViewController.m */,
			);
			path = View;
			sourceTree = "<group>";
		};
		B51859FD2D0723A600E6DFDC /* Cell */ = {
			isa = PBXGroup;
			children = (
				B51859F82D07239E00E6DFDC /* ProductListTableViewCell.h */,
				B51859F92D07239E00E6DFDC /* ProductListTableViewCell.m */,
				B51859FA2D07239E00E6DFDC /* ProductListTableViewCell.xib */,
			);
			path = Cell;
			sourceTree = "<group>";
		};
		B51859FE2D07284E00E6DFDC /* ViewModel */ = {
			isa = PBXGroup;
			children = (
				B51859FF2D07286900E6DFDC /* ProductListViewModel.h */,
				B5185A002D07286900E6DFDC /* ProductListViewModel.m */,
			);
			path = ViewModel;
			sourceTree = "<group>";
		};
		B5185A022D07335C00E6DFDC /* ProductList */ = {
			isa = PBXGroup;
			children = (
				B5185A032D07337300E6DFDC /* ProductListModel.h */,
				B5185A042D07337300E6DFDC /* ProductListModel.m */,
			);
			path = ProductList;
			sourceTree = "<group>";
		};
		B5226F4E2D0BFD8D001A757C /* MyCart */ = {
			isa = PBXGroup;
			children = (
				B5226F532D0C130B001A757C /* ViewModel */,
				B5226F522D0C12FE001A757C /* View */,
			);
			path = MyCart;
			sourceTree = "<group>";
		};
		B5226F4F2D0BFDAA001A757C /* Order */ = {
			isa = PBXGroup;
			children = (
			);
			path = Order;
			sourceTree = "<group>";
		};
		B5226F502D0BFDB1001A757C /* MyAccount */ = {
			isa = PBXGroup;
			children = (
			);
			path = MyAccount;
			sourceTree = "<group>";
		};
		B5226F522D0C12FE001A757C /* View */ = {
			isa = PBXGroup;
			children = (
				B5226F5A2D0C1458001A757C /* Cell */,
				B5226F542D0C1328001A757C /* MyCartViewController.h */,
				B5226F552D0C1328001A757C /* MyCartViewController.m */,
			);
			path = View;
			sourceTree = "<group>";
		};
		B5226F532D0C130B001A757C /* ViewModel */ = {
			isa = PBXGroup;
			children = (
				B5226F572D0C1454001A757C /* MyCartViewModel.h */,
				B5226F582D0C1454001A757C /* MyCartViewModel.m */,
			);
			path = ViewModel;
			sourceTree = "<group>";
		};
		B5226F5A2D0C1458001A757C /* Cell */ = {
			isa = PBXGroup;
			children = (
				B5226F5B2D0C1528001A757C /* MyCartTableViewCell.h */,
				B5226F5C2D0C1528001A757C /* MyCartTableViewCell.m */,
				B5226F5D2D0C1528001A757C /* MyCartTableViewCell.xib */,
			);
			path = Cell;
			sourceTree = "<group>";
		};
		B5226F602D0C199E001A757C /* MyCart */ = {
			isa = PBXGroup;
			children = (
				B5226F612D0C1A29001A757C /* MyCartModel.h */,
				B5226F622D0C1A29001A757C /* MyCartModel.m */,
			);
			path = MyCart;
			sourceTree = "<group>";
		};
		B5226F642D0C3005001A757C /* MyCart */ = {
			isa = PBXGroup;
			children = (
				B5226F652D0C304C001A757C /* MyCartAPIs.h */,
				B5226F662D0C304C001A757C /* MyCartAPIs.m */,
				B5226F682D0C305C001A757C /* MyCartServices.h */,
				B5226F692D0C305C001A757C /* MyCartServices.m */,
			);
			path = MyCart;
			sourceTree = "<group>";
		};
		B5226F702D0C6993001A757C /* Cell */ = {
			isa = PBXGroup;
			children = (
				B5226F6B2D0C698B001A757C /* ProductImagesViewCell.h */,
				B5226F6C2D0C698B001A757C /* ProductImagesViewCell.m */,
				B5226F6D2D0C698B001A757C /* ProductImagesViewCell.xib */,
			);
			path = Cell;
			sourceTree = "<group>";
		};
		B5226F712D0C71C7001A757C /* OrderList */ = {
			isa = PBXGroup;
			children = (
				B5226F7A2D0C73ED001A757C /* View */,
			);
			path = OrderList;
			sourceTree = "<group>";
		};
		B5226F722D0C71CF001A757C /* OrderDetail */ = {
			isa = PBXGroup;
			children = (
				B5226F732D0C71DA001A757C /* View */,
			);
			path = OrderDetail;
			sourceTree = "<group>";
		};
		B5226F732D0C71DA001A757C /* View */ = {
			isa = PBXGroup;
			children = (
				B5226F742D0C71E3001A757C /* Cell */,
			);
			path = View;
			sourceTree = "<group>";
		};
		B5226F742D0C71E3001A757C /* Cell */ = {
			isa = PBXGroup;
			children = (
				B5226F752D0C71FE001A757C /* OrderDetailTableViewCell.h */,
				B5226F762D0C71FE001A757C /* OrderDetailTableViewCell.m */,
				B5226F772D0C71FE001A757C /* OrderDetailTableViewCell.xib */,
			);
			path = Cell;
			sourceTree = "<group>";
		};
		B5226F7A2D0C73ED001A757C /* View */ = {
			isa = PBXGroup;
			children = (
				B5226F7B2D0C73F2001A757C /* Cell */,
			);
			path = View;
			sourceTree = "<group>";
		};
		B5226F7B2D0C73F2001A757C /* Cell */ = {
			isa = PBXGroup;
			children = (
				B5226F7C2D0C7442001A757C /* OrderListTableViewCell.h */,
				B5226F7D2D0C7442001A757C /* OrderListTableViewCell.m */,
				B5226F7E2D0C7442001A757C /* OrderListTableViewCell.xib */,
			);
			path = Cell;
			sourceTree = "<group>";
		};
		B53E6E512D080F8C00CDDA6C /* ProductList */ = {
			isa = PBXGroup;
			children = (
				B53E6E522D080FA200CDDA6C /* ProductListAPIs.h */,
				B53E6E532D080FA200CDDA6C /* ProductListAPIs.m */,
				B53E6E552D080FBB00CDDA6C /* ProductListServices.h */,
				B53E6E562D080FBB00CDDA6C /* ProductListServices.m */,
			);
			path = ProductList;
			sourceTree = "<group>";
		};
		B556A0122D095AFA00D83503 /* ProductDetails */ = {
			isa = PBXGroup;
			children = (
				B556A0142D095B0E00D83503 /* ViewModel */,
				B556A0132D095B0400D83503 /* View */,
			);
			path = ProductDetails;
			sourceTree = "<group>";
		};
		B556A0132D095B0400D83503 /* View */ = {
			isa = PBXGroup;
			children = (
				B556A0182D095C3000D83503 /* ProductDetailsViewController.h */,
				B556A0192D095C3000D83503 /* ProductDetailsViewController.m */,
				B5226F702D0C6993001A757C /* Cell */,
			);
			path = View;
			sourceTree = "<group>";
		};
		B556A0142D095B0E00D83503 /* ViewModel */ = {
			isa = PBXGroup;
			children = (
				B556A0212D09683800D83503 /* ProductDetailsViewModel.h */,
				B556A0222D09683800D83503 /* ProductDetailsViewModel.m */,
			);
			path = ViewModel;
			sourceTree = "<group>";
		};
		B556A01B2D0962C400D83503 /* AddToCartViewController */ = {
			isa = PBXGroup;
			children = (
				B556A01D2D0962F700D83503 /* ViewModel */,
				B556A01C2D0962F200D83503 /* View */,
			);
			path = AddToCartViewController;
			sourceTree = "<group>";
		};
		B556A01C2D0962F200D83503 /* View */ = {
			isa = PBXGroup;
			children = (
				B556A01E2D0963AF00D83503 /* AddToCartViewController.h */,
				B556A01F2D0963AF00D83503 /* AddToCartViewController.m */,
			);
			path = View;
			sourceTree = "<group>";
		};
		B556A01D2D0962F700D83503 /* ViewModel */ = {
			isa = PBXGroup;
			children = (
				B556A02F2D09B9C800D83503 /* AddToCartViewModel.h */,
				B556A0302D09B9C800D83503 /* AddToCartViewModel.m */,
			);
			path = ViewModel;
			sourceTree = "<group>";
		};
		B556A0242D096E4300D83503 /* ProductDetails */ = {
			isa = PBXGroup;
			children = (
				B556A0252D096E7800D83503 /* ProductDetailsAPIs.h */,
				B556A0262D096E7800D83503 /* ProductDetailsAPIs.m */,
				B556A0282D096E9700D83503 /* ProductDetailServices.h */,
				B556A0292D096E9700D83503 /* ProductDetailServices.m */,
			);
			path = ProductDetails;
			sourceTree = "<group>";
		};
		B556A02B2D096EAB00D83503 /* ProductDetails */ = {
			isa = PBXGroup;
			children = (
				B556A02C2D096ECF00D83503 /* ProductDetailsModel.h */,
				B556A02D2D096ECF00D83503 /* ProductDetailsModel.m */,
			);
			path = ProductDetails;
			sourceTree = "<group>";
		};
		B556A0322D09C04000D83503 /* AddToCart */ = {
			isa = PBXGroup;
			children = (
				B556A0332D09C06D00D83503 /* AddToCartModel.h */,
				B556A0342D09C06D00D83503 /* AddToCartModel.m */,
			);
			path = AddToCart;
			sourceTree = "<group>";
		};
		B556A0362D09C25A00D83503 /* AddToCart */ = {
			isa = PBXGroup;
			children = (
				B556A0372D09C27100D83503 /* AddToCartAPIs.h */,
				B556A0382D09C27100D83503 /* AddToCartAPIs.m */,
				B556A03A2D09C28400D83503 /* AddToCartServices.h */,
				B556A03B2D09C28400D83503 /* AddToCartServices.m */,
			);
			path = AddToCart;
			sourceTree = "<group>";
		};
		B5ABBFA12D0AAB2500942851 /* Menu */ = {
			isa = PBXGroup;
			children = (
				B5ABBFA22D0AAB3C00942851 /* View */,
			);
			path = Menu;
			sourceTree = "<group>";
		};
		B5ABBFA22D0AAB3C00942851 /* View */ = {
			isa = PBXGroup;
			children = (
				B5C7A0702D0AF876003A55E8 /* Cell */,
				B5ABBFA32D0AAB5B00942851 /* MenuViewController.h */,
				B5ABBFA42D0AAB5B00942851 /* MenuViewController.m */,
			);
			path = View;
			sourceTree = "<group>";
		};
		B5C7A06C2D0ACF41003A55E8 /* Storage */ = {
			isa = PBXGroup;
			children = (
				B5C7A06D2D0ACF78003A55E8 /* Storage.h */,
				B5C7A06E2D0ACF78003A55E8 /* Storage.m */,
			);
			path = Storage;
			sourceTree = "<group>";
		};
		B5C7A0702D0AF876003A55E8 /* Cell */ = {
			isa = PBXGroup;
			children = (
				B5C7A0712D0AF89A003A55E8 /* MenuTableViewCell.h */,
				B5C7A0722D0AF89A003A55E8 /* MenuTableViewCell.m */,
				B5C7A0732D0AF89A003A55E8 /* MenuTableViewCell.xib */,
			);
			path = Cell;
			sourceTree = "<group>";
		};
/* End PBXGroup section */

/* Begin PBXNativeTarget section */
		B500A77A2D02DDD400378734 /* NEO */ = {
			isa = PBXNativeTarget;
			buildConfigurationList = B500A7942D02DDD600378734 /* Build configuration list for PBXNativeTarget "NEO" */;
			buildPhases = (
				31FBFCFDE4B509B8E691F2E6 /* [CP] Check Pods Manifest.lock */,
				B500A7772D02DDD400378734 /* Sources */,
				B500A7782D02DDD400378734 /* Frameworks */,
				B500A7792D02DDD400378734 /* Resources */,
				D3096EF855F07AA5921EAB58 /* [CP] Embed Pods Frameworks */,
			);
			buildRules = (
			);
			dependencies = (
			);
			name = NEO;
			packageProductDependencies = (
			);
			productName = NEO;
			productReference = B500A77B2D02DDD400378734 /* NEO.app */;
			productType = "com.apple.product-type.application";
		};
/* End PBXNativeTarget section */

/* Begin PBXProject section */
		B500A7732D02DDD400378734 /* Project object */ = {
			isa = PBXProject;
			attributes = {
				BuildIndependentTargetsInParallel = 1;
				LastUpgradeCheck = 1430;
				TargetAttributes = {
					B500A77A2D02DDD400378734 = {
						CreatedOnToolsVersion = 14.3;
					};
				};
			};
			buildConfigurationList = B500A7762D02DDD400378734 /* Build configuration list for PBXProject "NEO" */;
			compatibilityVersion = "Xcode 14.0";
			developmentRegion = en;
			hasScannedForEncodings = 0;
			knownRegions = (
				en,
				Base,
			);
			mainGroup = B500A7722D02DDD400378734;
			packageReferences = (
			);
			productRefGroup = B500A77C2D02DDD400378734 /* Products */;
			projectDirPath = "";
			projectRoot = "";
			targets = (
				B500A77A2D02DDD400378734 /* NEO */,
			);
		};
/* End PBXProject section */

/* Begin PBXResourcesBuildPhase section */
		B500A7792D02DDD400378734 /* Resources */ = {
			isa = PBXResourcesBuildPhase;
			buildActionMask = 2147483647;
			files = (
				B500A78E2D02DDD600378734 /* LaunchScreen.storyboard in Resources */,
				B5C7A0752D0AF89A003A55E8 /* MenuTableViewCell.xib in Resources */,
				B51859FC2D07239E00E6DFDC /* ProductListTableViewCell.xib in Resources */,
				B5226F5F2D0C1528001A757C /* MyCartTableViewCell.xib in Resources */,
				B5226F6F2D0C698B001A757C /* ProductImagesViewCell.xib in Resources */,
				B5226F792D0C71FE001A757C /* OrderDetailTableViewCell.xib in Resources */,
				B51859F12D06F45700E6DFDC /* CategoryCollectionViewCell.xib in Resources */,
				B500A7D02D02E67B00378734 /* RegisterViewCell.xib in Resources */,
				B500A78B2D02DDD600378734 /* Assets.xcassets in Resources */,
				B500A7892D02DDD400378734 /* Main.storyboard in Resources */,
				B5226F802D0C7442001A757C /* OrderListTableViewCell.xib in Resources */,
			);
			runOnlyForDeploymentPostprocessing = 0;
		};
/* End PBXResourcesBuildPhase section */

/* Begin PBXShellScriptBuildPhase section */
		31FBFCFDE4B509B8E691F2E6 /* [CP] Check Pods Manifest.lock */ = {
			isa = PBXShellScriptBuildPhase;
			buildActionMask = 2147483647;
			files = (
			);
			inputFileListPaths = (
			);
			inputPaths = (
				"${PODS_PODFILE_DIR_PATH}/Podfile.lock",
				"${PODS_ROOT}/Manifest.lock",
			);
			name = "[CP] Check Pods Manifest.lock";
			outputFileListPaths = (
			);
			outputPaths = (
				"$(DERIVED_FILE_DIR)/Pods-NEO-checkManifestLockResult.txt",
			);
			runOnlyForDeploymentPostprocessing = 0;
			shellPath = /bin/sh;
			shellScript = "diff \"${PODS_PODFILE_DIR_PATH}/Podfile.lock\" \"${PODS_ROOT}/Manifest.lock\" > /dev/null\nif [ $? != 0 ] ; then\n    # print error to STDERR\n    echo \"error: The sandbox is not in sync with the Podfile.lock. Run 'pod install' or update your CocoaPods installation.\" >&2\n    exit 1\nfi\n# This output is used by Xcode 'outputs' to avoid re-running this script phase.\necho \"SUCCESS\" > \"${SCRIPT_OUTPUT_FILE_0}\"\n";
			showEnvVarsInLog = 0;
		};
		D3096EF855F07AA5921EAB58 /* [CP] Embed Pods Frameworks */ = {
			isa = PBXShellScriptBuildPhase;
			buildActionMask = 2147483647;
			files = (
			);
			inputFileListPaths = (
				"${PODS_ROOT}/Target Support Files/Pods-NEO/Pods-NEO-frameworks-${CONFIGURATION}-input-files.xcfilelist",
			);
			name = "[CP] Embed Pods Frameworks";
			outputFileListPaths = (
				"${PODS_ROOT}/Target Support Files/Pods-NEO/Pods-NEO-frameworks-${CONFIGURATION}-output-files.xcfilelist",
			);
			runOnlyForDeploymentPostprocessing = 0;
			shellPath = /bin/sh;
			shellScript = "\"${PODS_ROOT}/Target Support Files/Pods-NEO/Pods-NEO-frameworks.sh\"\n";
			showEnvVarsInLog = 0;
		};
/* End PBXShellScriptBuildPhase section */

/* Begin PBXSourcesBuildPhase section */
		B500A7772D02DDD400378734 /* Sources */ = {
			isa = PBXSourcesBuildPhase;
			buildActionMask = 2147483647;
			files = (
				B556A0352D09C06D00D83503 /* AddToCartModel.m in Sources */,
				B556A01A2D095C3000D83503 /* ProductDetailsViewController.m in Sources */,
				B53E6E542D080FA200CDDA6C /* ProductListAPIs.m in Sources */,
				B5226F5E2D0C1528001A757C /* MyCartTableViewCell.m in Sources */,
				B51859F02D06F45700E6DFDC /* CategoryCollectionViewCell.m in Sources */,
				B500A7AC2D02E28300378734 /* RegisterViewModel.m in Sources */,
				B53E6E572D080FBB00CDDA6C /* ProductListServices.m in Sources */,
				B5226F632D0C1A29001A757C /* MyCartModel.m in Sources */,
				B5226F672D0C304C001A757C /* MyCartAPIs.m in Sources */,
				B500A7AF2D02E29600378734 /* RegisterViewController.m in Sources */,
				B5ABBFA52D0AAB5B00942851 /* MenuViewController.m in Sources */,
				B5226F782D0C71FE001A757C /* OrderDetailTableViewCell.m in Sources */,
				B5226F562D0C1328001A757C /* MyCartViewController.m in Sources */,
				B500A7C72D02E4F100378734 /* TextFieldExtension.m in Sources */,
				B5226F592D0C1454001A757C /* MyCartViewModel.m in Sources */,
				B556A0312D09B9C800D83503 /* AddToCartViewModel.m in Sources */,
				B51859E52D06C5DD00E6DFDC /* LoginServices.m in Sources */,
				B556A02E2D096ECF00D83503 /* ProductDetailsModel.m in Sources */,
				B51859E82D06C6B400E6DFDC /* LoginModel.m in Sources */,
				B500A7862D02DDD400378734 /* LoginViewController.m in Sources */,
				B556A0232D09683800D83503 /* ProductDetailsViewModel.m in Sources */,
				B500A7C22D02E47A00378734 /* NetworkManager.m in Sources */,
				B500A7B92D02E3FF00378734 /* RegisterAPIs.m in Sources */,
				B556A0272D096E7800D83503 /* ProductDetailsAPIs.m in Sources */,
				B556A0392D09C27100D83503 /* AddToCartAPIs.m in Sources */,
				B500A7802D02DDD400378734 /* AppDelegate.m in Sources */,
				B500A7CF2D02E67B00378734 /* RegisterViewCell.m in Sources */,
				B500A7D32D0341B000378734 /* LoginViewModel.m in Sources */,
				B51859F72D0713D000E6DFDC /* ProductListViewController.m in Sources */,
				B500A7912D02DDD600378734 /* main.m in Sources */,
				B5226F7F2D0C7442001A757C /* OrderListTableViewCell.m in Sources */,
				B500A7CA2D02E54F00378734 /* ForgotViewController.m in Sources */,
				B556A03C2D09C28400D83503 /* AddToCartServices.m in Sources */,
				B556A02A2D096E9700D83503 /* ProductDetailServices.m in Sources */,
				B5226F6E2D0C698B001A757C /* ProductImagesViewCell.m in Sources */,
				B51859FB2D07239E00E6DFDC /* ProductListTableViewCell.m in Sources */,
				B500A7B42D02E39A00378734 /* RegisterModel.m in Sources */,
				B51859E22D06C5CF00E6DFDC /* LoginAPIs.m in Sources */,
				B500A7BC2D02E41000378734 /* RegisterServices.m in Sources */,
				B5185A052D07337300E6DFDC /* ProductListModel.m in Sources */,
				B500A7BF2D02E46700378734 /* APIRequest.m in Sources */,
				B5C7A06F2D0ACF78003A55E8 /* Storage.m in Sources */,
				B5226F6A2D0C305C001A757C /* MyCartServices.m in Sources */,
				B51859EC2D06DB5C00E6DFDC /* HomeViewController.m in Sources */,
				B556A0202D0963AF00D83503 /* AddToCartViewController.m in Sources */,
				B5185A012D07286900E6DFDC /* ProductListViewModel.m in Sources */,
				B5C7A0742D0AF89A003A55E8 /* MenuTableViewCell.m in Sources */,
				B500A7832D02DDD400378734 /* SceneDelegate.m in Sources */,
			);
			runOnlyForDeploymentPostprocessing = 0;
		};
/* End PBXSourcesBuildPhase section */

/* Begin PBXVariantGroup section */
		B500A7872D02DDD400378734 /* Main.storyboard */ = {
			isa = PBXVariantGroup;
			children = (
				B500A7882D02DDD400378734 /* Base */,
			);
			name = Main.storyboard;
			sourceTree = "<group>";
		};
		B500A78C2D02DDD600378734 /* LaunchScreen.storyboard */ = {
			isa = PBXVariantGroup;
			children = (
				B500A78D2D02DDD600378734 /* Base */,
			);
			name = LaunchScreen.storyboard;
			sourceTree = "<group>";
		};
/* End PBXVariantGroup section */

/* Begin XCBuildConfiguration section */
		B500A7922D02DDD600378734 /* Debug */ = {
			isa = XCBuildConfiguration;
			buildSettings = {
				ALWAYS_SEARCH_USER_PATHS = NO;
				CLANG_ANALYZER_NONNULL = YES;
				CLANG_ANALYZER_NUMBER_OBJECT_CONVERSION = YES_AGGRESSIVE;
				CLANG_CXX_LANGUAGE_STANDARD = "gnu++20";
				CLANG_ENABLE_MODULES = YES;
				CLANG_ENABLE_OBJC_ARC = YES;
				CLANG_ENABLE_OBJC_WEAK = YES;
				CLANG_WARN_BLOCK_CAPTURE_AUTORELEASING = YES;
				CLANG_WARN_BOOL_CONVERSION = YES;
				CLANG_WARN_COMMA = YES;
				CLANG_WARN_CONSTANT_CONVERSION = YES;
				CLANG_WARN_DEPRECATED_OBJC_IMPLEMENTATIONS = YES;
				CLANG_WARN_DIRECT_OBJC_ISA_USAGE = YES_ERROR;
				CLANG_WARN_DOCUMENTATION_COMMENTS = YES;
				CLANG_WARN_EMPTY_BODY = YES;
				CLANG_WARN_ENUM_CONVERSION = YES;
				CLANG_WARN_INFINITE_RECURSION = YES;
				CLANG_WARN_INT_CONVERSION = YES;
				CLANG_WARN_NON_LITERAL_NULL_CONVERSION = YES;
				CLANG_WARN_OBJC_IMPLICIT_RETAIN_SELF = YES;
				CLANG_WARN_OBJC_LITERAL_CONVERSION = YES;
				CLANG_WARN_OBJC_ROOT_CLASS = YES_ERROR;
				CLANG_WARN_QUOTED_INCLUDE_IN_FRAMEWORK_HEADER = YES;
				CLANG_WARN_RANGE_LOOP_ANALYSIS = YES;
				CLANG_WARN_STRICT_PROTOTYPES = YES;
				CLANG_WARN_SUSPICIOUS_MOVE = YES;
				CLANG_WARN_UNGUARDED_AVAILABILITY = YES_AGGRESSIVE;
				CLANG_WARN_UNREACHABLE_CODE = YES;
				CLANG_WARN__DUPLICATE_METHOD_MATCH = YES;
				COPY_PHASE_STRIP = NO;
				DEBUG_INFORMATION_FORMAT = dwarf;
				ENABLE_STRICT_OBJC_MSGSEND = YES;
				ENABLE_TESTABILITY = YES;
				GCC_C_LANGUAGE_STANDARD = gnu11;
				GCC_DYNAMIC_NO_PIC = NO;
				GCC_NO_COMMON_BLOCKS = YES;
				GCC_OPTIMIZATION_LEVEL = 0;
				GCC_PREPROCESSOR_DEFINITIONS = (
					"DEBUG=1",
					"$(inherited)",
				);
				GCC_WARN_64_TO_32_BIT_CONVERSION = YES;
				GCC_WARN_ABOUT_RETURN_TYPE = YES_ERROR;
				GCC_WARN_UNDECLARED_SELECTOR = YES;
				GCC_WARN_UNINITIALIZED_AUTOS = YES_AGGRESSIVE;
				GCC_WARN_UNUSED_FUNCTION = YES;
				GCC_WARN_UNUSED_VARIABLE = YES;
				IPHONEOS_DEPLOYMENT_TARGET = 16.4;
				MTL_ENABLE_DEBUG_INFO = INCLUDE_SOURCE;
				MTL_FAST_MATH = YES;
				ONLY_ACTIVE_ARCH = YES;
				SDKROOT = iphoneos;
			};
			name = Debug;
		};
		B500A7932D02DDD600378734 /* Release */ = {
			isa = XCBuildConfiguration;
			buildSettings = {
				ALWAYS_SEARCH_USER_PATHS = NO;
				CLANG_ANALYZER_NONNULL = YES;
				CLANG_ANALYZER_NUMBER_OBJECT_CONVERSION = YES_AGGRESSIVE;
				CLANG_CXX_LANGUAGE_STANDARD = "gnu++20";
				CLANG_ENABLE_MODULES = YES;
				CLANG_ENABLE_OBJC_ARC = YES;
				CLANG_ENABLE_OBJC_WEAK = YES;
				CLANG_WARN_BLOCK_CAPTURE_AUTORELEASING = YES;
				CLANG_WARN_BOOL_CONVERSION = YES;
				CLANG_WARN_COMMA = YES;
				CLANG_WARN_CONSTANT_CONVERSION = YES;
				CLANG_WARN_DEPRECATED_OBJC_IMPLEMENTATIONS = YES;
				CLANG_WARN_DIRECT_OBJC_ISA_USAGE = YES_ERROR;
				CLANG_WARN_DOCUMENTATION_COMMENTS = YES;
				CLANG_WARN_EMPTY_BODY = YES;
				CLANG_WARN_ENUM_CONVERSION = YES;
				CLANG_WARN_INFINITE_RECURSION = YES;
				CLANG_WARN_INT_CONVERSION = YES;
				CLANG_WARN_NON_LITERAL_NULL_CONVERSION = YES;
				CLANG_WARN_OBJC_IMPLICIT_RETAIN_SELF = YES;
				CLANG_WARN_OBJC_LITERAL_CONVERSION = YES;
				CLANG_WARN_OBJC_ROOT_CLASS = YES_ERROR;
				CLANG_WARN_QUOTED_INCLUDE_IN_FRAMEWORK_HEADER = YES;
				CLANG_WARN_RANGE_LOOP_ANALYSIS = YES;
				CLANG_WARN_STRICT_PROTOTYPES = YES;
				CLANG_WARN_SUSPICIOUS_MOVE = YES;
				CLANG_WARN_UNGUARDED_AVAILABILITY = YES_AGGRESSIVE;
				CLANG_WARN_UNREACHABLE_CODE = YES;
				CLANG_WARN__DUPLICATE_METHOD_MATCH = YES;
				COPY_PHASE_STRIP = NO;
				DEBUG_INFORMATION_FORMAT = "dwarf-with-dsym";
				ENABLE_NS_ASSERTIONS = NO;
				ENABLE_STRICT_OBJC_MSGSEND = YES;
				GCC_C_LANGUAGE_STANDARD = gnu11;
				GCC_NO_COMMON_BLOCKS = YES;
				GCC_WARN_64_TO_32_BIT_CONVERSION = YES;
				GCC_WARN_ABOUT_RETURN_TYPE = YES_ERROR;
				GCC_WARN_UNDECLARED_SELECTOR = YES;
				GCC_WARN_UNINITIALIZED_AUTOS = YES_AGGRESSIVE;
				GCC_WARN_UNUSED_FUNCTION = YES;
				GCC_WARN_UNUSED_VARIABLE = YES;
				IPHONEOS_DEPLOYMENT_TARGET = 16.4;
				MTL_ENABLE_DEBUG_INFO = NO;
				MTL_FAST_MATH = YES;
				ONLY_ACTIVE_ARCH = YES;
				SDKROOT = iphoneos;
				VALIDATE_PRODUCT = YES;
			};
			name = Release;
		};
		B500A7952D02DDD600378734 /* Debug */ = {
			isa = XCBuildConfiguration;
			baseConfigurationReference = 7E4BA7BBF85957646A422D99 /* Pods-NEO.debug.xcconfig */;
			buildSettings = {
				ASSETCATALOG_COMPILER_APPICON_NAME = AppIcon;
				ASSETCATALOG_COMPILER_GLOBAL_ACCENT_COLOR_NAME = AccentColor;
				CODE_SIGN_STYLE = Automatic;
				CURRENT_PROJECT_VERSION = 1;
				GENERATE_INFOPLIST_FILE = YES;
				INFOPLIST_FILE = NEO/Info.plist;
				INFOPLIST_KEY_UIApplicationSupportsIndirectInputEvents = YES;
				INFOPLIST_KEY_UILaunchStoryboardName = LaunchScreen;
				INFOPLIST_KEY_UIMainStoryboardFile = Main;
				INFOPLIST_KEY_UISupportedInterfaceOrientations_iPad = "UIInterfaceOrientationPortrait UIInterfaceOrientationPortraitUpsideDown UIInterfaceOrientationLandscapeLeft UIInterfaceOrientationLandscapeRight";
				INFOPLIST_KEY_UISupportedInterfaceOrientations_iPhone = "UIInterfaceOrientationPortrait UIInterfaceOrientationLandscapeLeft UIInterfaceOrientationLandscapeRight";
				IPHONEOS_DEPLOYMENT_TARGET = 16.4;
				LD_RUNPATH_SEARCH_PATHS = (
					"$(inherited)",
					"@executable_path/Frameworks",
				);
				MARKETING_VERSION = 1.0;
				PRODUCT_BUNDLE_IDENTIFIER = com.registrationform.net.NEO;
				PRODUCT_NAME = "$(TARGET_NAME)";
				SWIFT_EMIT_LOC_STRINGS = YES;
				TARGETED_DEVICE_FAMILY = "1,2";
			};
			name = Debug;
		};
		B500A7962D02DDD600378734 /* Release */ = {
			isa = XCBuildConfiguration;
			baseConfigurationReference = C68D9D89F8B0902428FF05CC /* Pods-NEO.release.xcconfig */;
			buildSettings = {
				ASSETCATALOG_COMPILER_APPICON_NAME = AppIcon;
				ASSETCATALOG_COMPILER_GLOBAL_ACCENT_COLOR_NAME = AccentColor;
				CODE_SIGN_STYLE = Automatic;
				CURRENT_PROJECT_VERSION = 1;
				GENERATE_INFOPLIST_FILE = YES;
				INFOPLIST_FILE = NEO/Info.plist;
				INFOPLIST_KEY_UIApplicationSupportsIndirectInputEvents = YES;
				INFOPLIST_KEY_UILaunchStoryboardName = LaunchScreen;
				INFOPLIST_KEY_UIMainStoryboardFile = Main;
				INFOPLIST_KEY_UISupportedInterfaceOrientations_iPad = "UIInterfaceOrientationPortrait UIInterfaceOrientationPortraitUpsideDown UIInterfaceOrientationLandscapeLeft UIInterfaceOrientationLandscapeRight";
				INFOPLIST_KEY_UISupportedInterfaceOrientations_iPhone = "UIInterfaceOrientationPortrait UIInterfaceOrientationLandscapeLeft UIInterfaceOrientationLandscapeRight";
				IPHONEOS_DEPLOYMENT_TARGET = 16.4;
				LD_RUNPATH_SEARCH_PATHS = (
					"$(inherited)",
					"@executable_path/Frameworks",
				);
				MARKETING_VERSION = 1.0;
				ONLY_ACTIVE_ARCH = YES;
				PRODUCT_BUNDLE_IDENTIFIER = com.registrationform.net.NEO;
				PRODUCT_NAME = "$(TARGET_NAME)";
				SWIFT_EMIT_LOC_STRINGS = YES;
				TARGETED_DEVICE_FAMILY = "1,2";
			};
			name = Release;
		};
/* End XCBuildConfiguration section */

/* Begin XCConfigurationList section */
		B500A7762D02DDD400378734 /* Build configuration list for PBXProject "NEO" */ = {
			isa = XCConfigurationList;
			buildConfigurations = (
				B500A7922D02DDD600378734 /* Debug */,
				B500A7932D02DDD600378734 /* Release */,
			);
			defaultConfigurationIsVisible = 0;
			defaultConfigurationName = Release;
		};
		B500A7942D02DDD600378734 /* Build configuration list for PBXNativeTarget "NEO" */ = {
			isa = XCConfigurationList;
			buildConfigurations = (
				B500A7952D02DDD600378734 /* Debug */,
				B500A7962D02DDD600378734 /* Release */,
			);
			defaultConfigurationIsVisible = 0;
			defaultConfigurationName = Release;
		};
/* End XCConfigurationList section */
	};
	rootObject = B500A7732D02DDD400378734 /* Project object */;
}
